
Microsoft Visual Studio Solution File, Format Version 12.00
# Visual Studio Version 17
VisualStudioVersion = 17.1.32414.318
MinimumVisualStudioVersion = 10.0.40219.1
Project("{FAE04EC0-301F-11D3-BF4B-00C04F79EFBC}") = "OOP", "OOP\OOP.csproj", "{93F02221-7E19-454D-9D98-3FEBE6DC262B}"
EndProject
Global
	GlobalSection(SolutionConfigurationPlatforms) = preSolution
		Debug|Any CPU = Debug|Any CPU
		Release|Any CPU = Release|Any CPU
	EndGlobalSection
	GlobalSection(ProjectConfigurationPlatforms) = postSolution
		{93F02221-7E19-454D-9D98-3FEBE6DC262B}.Debug|Any CPU.ActiveCfg = Debug|Any CPU
		{93F02221-7E19-454D-9D98-3FEBE6DC262B}.Debug|Any CPU.Build.0 = Debug|Any CPU
		{93F02221-7E19-454D-9D98-3FEBE6DC262B}.Release|Any CPU.ActiveCfg = Release|Any CPU
		{93F02221-7E19-454D-9D98-3FEBE6DC262B}.Release|Any CPU.Build.0 = Release|Any CPU
	EndGlobalSection
	GlobalSection(SolutionProperties) = preSolution
		HideSolutionNode = FALSE
	EndGlobalSection
	GlobalSection(ExtensibilityGlobals) = postSolution
		SolutionGuid = {BDD30069-224C-45FD-B562-9D6DA0CB49D3}
	EndGlobalSection
EndGlobal
